
Microsoft Visual Studio Solution File, Format Version 12.00
# Visual Studio 15
VisualStudioVersion = 15.0.26124.0
MinimumVisualStudioVersion = 15.0.26124.0
Project("{FAE04EC0-301F-11D3-BF4B-00C04F79EFBC}") = "Todo.Domain", "Todo.Domain\Todo.Domain.csproj", "{EA59519B-3A60-48B5-8B4C-C985C2BECBFC}"
EndProject
Project("{FAE04EC0-301F-11D3-BF4B-00C04F79EFBC}") = "Todo.Domain.Api", "Todo.Domain.Api\Todo.Domain.Api.csproj", "{EFF4C525-583A-4E65-87B4-610F7D5457DD}"
EndProject
Project("{FAE04EC0-301F-11D3-BF4B-00C04F79EFBC}") = "Todo.Domain.Infra", "Todo.Domain.Infra\Todo.Domain.Infra.csproj", "{04FDA546-EA3B-42B1-A90E-EF13DC24CD6F}"
EndProject
Project("{FAE04EC0-301F-11D3-BF4B-00C04F79EFBC}") = "Todo.Domain.Tests", "Todo.Domain.Tests\Todo.Domain.Tests.csproj", "{6813F7AC-497E-4E15-A35B-BE2B948688E6}"
EndProject
Global
	GlobalSection(SolutionConfigurationPlatforms) = preSolution
		Debug|Any CPU = Debug|Any CPU
		Debug|x64 = Debug|x64
		Debug|x86 = Debug|x86
		Release|Any CPU = Release|Any CPU
		Release|x64 = Release|x64
		Release|x86 = Release|x86
	EndGlobalSection
	GlobalSection(SolutionProperties) = preSolution
		HideSolutionNode = FALSE
	EndGlobalSection
	GlobalSection(ProjectConfigurationPlatforms) = postSolution
		{EA59519B-3A60-48B5-8B4C-C985C2BECBFC}.Debug|Any CPU.ActiveCfg = Debug|Any CPU
		{EA59519B-3A60-48B5-8B4C-C985C2BECBFC}.Debug|Any CPU.Build.0 = Debug|Any CPU
		{EA59519B-3A60-48B5-8B4C-C985C2BECBFC}.Debug|x64.ActiveCfg = Debug|Any CPU
		{EA59519B-3A60-48B5-8B4C-C985C2BECBFC}.Debug|x64.Build.0 = Debug|Any CPU
		{EA59519B-3A60-48B5-8B4C-C985C2BECBFC}.Debug|x86.ActiveCfg = Debug|Any CPU
		{EA59519B-3A60-48B5-8B4C-C985C2BECBFC}.Debug|x86.Build.0 = Debug|Any CPU
		{EA59519B-3A60-48B5-8B4C-C985C2BECBFC}.Release|Any CPU.ActiveCfg = Release|Any CPU
		{EA59519B-3A60-48B5-8B4C-C985C2BECBFC}.Release|Any CPU.Build.0 = Release|Any CPU
		{EA59519B-3A60-48B5-8B4C-C985C2BECBFC}.Release|x64.ActiveCfg = Release|Any CPU
		{EA59519B-3A60-48B5-8B4C-C985C2BECBFC}.Release|x64.Build.0 = Release|Any CPU
		{EA59519B-3A60-48B5-8B4C-C985C2BECBFC}.Release|x86.ActiveCfg = Release|Any CPU
		{EA59519B-3A60-48B5-8B4C-C985C2BECBFC}.Release|x86.Build.0 = Release|Any CPU
		{EFF4C525-583A-4E65-87B4-610F7D5457DD}.Debug|Any CPU.ActiveCfg = Debug|Any CPU
		{EFF4C525-583A-4E65-87B4-610F7D5457DD}.Debug|Any CPU.Build.0 = Debug|Any CPU
		{EFF4C525-583A-4E65-87B4-610F7D5457DD}.Debug|x64.ActiveCfg = Debug|Any CPU
		{EFF4C525-583A-4E65-87B4-610F7D5457DD}.Debug|x64.Build.0 = Debug|Any CPU
		{EFF4C525-583A-4E65-87B4-610F7D5457DD}.Debug|x86.ActiveCfg = Debug|Any CPU
		{EFF4C525-583A-4E65-87B4-610F7D5457DD}.Debug|x86.Build.0 = Debug|Any CPU
		{EFF4C525-583A-4E65-87B4-610F7D5457DD}.Release|Any CPU.ActiveCfg = Release|Any CPU
		{EFF4C525-583A-4E65-87B4-610F7D5457DD}.Release|Any CPU.Build.0 = Release|Any CPU
		{EFF4C525-583A-4E65-87B4-610F7D5457DD}.Release|x64.ActiveCfg = Release|Any CPU
		{EFF4C525-583A-4E65-87B4-610F7D5457DD}.Release|x64.Build.0 = Release|Any CPU
		{EFF4C525-583A-4E65-87B4-610F7D5457DD}.Release|x86.ActiveCfg = Release|Any CPU
		{EFF4C525-583A-4E65-87B4-610F7D5457DD}.Release|x86.Build.0 = Release|Any CPU
		{04FDA546-EA3B-42B1-A90E-EF13DC24CD6F}.Debug|Any CPU.ActiveCfg = Debug|Any CPU
		{04FDA546-EA3B-42B1-A90E-EF13DC24CD6F}.Debug|Any CPU.Build.0 = Debug|Any CPU
		{04FDA546-EA3B-42B1-A90E-EF13DC24CD6F}.Debug|x64.ActiveCfg = Debug|Any CPU
		{04FDA546-EA3B-42B1-A90E-EF13DC24CD6F}.Debug|x64.Build.0 = Debug|Any CPU
		{04FDA546-EA3B-42B1-A90E-EF13DC24CD6F}.Debug|x86.ActiveCfg = Debug|Any CPU
		{04FDA546-EA3B-42B1-A90E-EF13DC24CD6F}.Debug|x86.Build.0 = Debug|Any CPU
		{04FDA546-EA3B-42B1-A90E-EF13DC24CD6F}.Release|Any CPU.ActiveCfg = Release|Any CPU
		{04FDA546-EA3B-42B1-A90E-EF13DC24CD6F}.Release|Any CPU.Build.0 = Release|Any CPU
		{04FDA546-EA3B-42B1-A90E-EF13DC24CD6F}.Release|x64.ActiveCfg = Release|Any CPU
		{04FDA546-EA3B-42B1-A90E-EF13DC24CD6F}.Release|x64.Build.0 = Release|Any CPU
		{04FDA546-EA3B-42B1-A90E-EF13DC24CD6F}.Release|x86.ActiveCfg = Release|Any CPU
		{04FDA546-EA3B-42B1-A90E-EF13DC24CD6F}.Release|x86.Build.0 = Release|Any CPU
		{6813F7AC-497E-4E15-A35B-BE2B948688E6}.Debug|Any CPU.ActiveCfg = Debug|Any CPU
		{6813F7AC-497E-4E15-A35B-BE2B948688E6}.Debug|Any CPU.Build.0 = Debug|Any CPU
		{6813F7AC-497E-4E15-A35B-BE2B948688E6}.Debug|x64.ActiveCfg = Debug|Any CPU
		{6813F7AC-497E-4E15-A35B-BE2B948688E6}.Debug|x64.Build.0 = Debug|Any CPU
		{6813F7AC-497E-4E15-A35B-BE2B948688E6}.Debug|x86.ActiveCfg = Debug|Any CPU
		{6813F7AC-497E-4E15-A35B-BE2B948688E6}.Debug|x86.Build.0 = Debug|Any CPU
		{6813F7AC-497E-4E15-A35B-BE2B948688E6}.Release|Any CPU.ActiveCfg = Release|Any CPU
		{6813F7AC-497E-4E15-A35B-BE2B948688E6}.Release|Any CPU.Build.0 = Release|Any CPU
		{6813F7AC-497E-4E15-A35B-BE2B948688E6}.Release|x64.ActiveCfg = Release|Any CPU
		{6813F7AC-497E-4E15-A35B-BE2B948688E6}.Release|x64.Build.0 = Release|Any CPU
		{6813F7AC-497E-4E15-A35B-BE2B948688E6}.Release|x86.ActiveCfg = Release|Any CPU
		{6813F7AC-497E-4E15-A35B-BE2B948688E6}.Release|x86.Build.0 = Release|Any CPU
	EndGlobalSection
EndGlobal
